
Microsoft Visual Studio Solution File, Format Version 12.00
# Visual Studio Version 16
VisualStudioVersion = 16.0.30611.23
MinimumVisualStudioVersion = 10.0.40219.1
Project("{9A19103F-16F7-4668-BE54-9A1E7A4F7556}") = "HotelBookingExample", "HotelBookingExample.csproj", "{A22F0C7D-4B03-4BC8-B478-725C9BEFD3E7}"
EndProject
Project("{FAE04EC0-301F-11D3-BF4B-00C04F79EFBC}") = "HotelBookingTests", "..\HotelBookingTests\HotelBookingTests.csproj", "{4596C0F6-7B53-4946-A24C-C0B4ADC0BC40}"
EndProject
Global
	GlobalSection(SolutionConfigurationPlatforms) = preSolution
		Debug|Any CPU = Debug|Any CPU
		Release|Any CPU = Release|Any CPU
	EndGlobalSection
	GlobalSection(ProjectConfigurationPlatforms) = postSolution
		{A22F0C7D-4B03-4BC8-B478-725C9BEFD3E7}.Debug|Any CPU.ActiveCfg = Debug|Any CPU
		{A22F0C7D-4B03-4BC8-B478-725C9BEFD3E7}.Debug|Any CPU.Build.0 = Debug|Any CPU
		{A22F0C7D-4B03-4BC8-B478-725C9BEFD3E7}.Release|Any CPU.ActiveCfg = Release|Any CPU
		{A22F0C7D-4B03-4BC8-B478-725C9BEFD3E7}.Release|Any CPU.Build.0 = Release|Any CPU
		{4596C0F6-7B53-4946-A24C-C0B4ADC0BC40}.Debug|Any CPU.ActiveCfg = Debug|Any CPU
		{4596C0F6-7B53-4946-A24C-C0B4ADC0BC40}.Debug|Any CPU.Build.0 = Debug|Any CPU
		{4596C0F6-7B53-4946-A24C-C0B4ADC0BC40}.Release|Any CPU.ActiveCfg = Release|Any CPU
		{4596C0F6-7B53-4946-A24C-C0B4ADC0BC40}.Release|Any CPU.Build.0 = Release|Any CPU
	EndGlobalSection
	GlobalSection(SolutionProperties) = preSolution
		HideSolutionNode = FALSE
	EndGlobalSection
	GlobalSection(ExtensibilityGlobals) = postSolution
		SolutionGuid = {6BDD88A5-B964-4A45-8C5F-7618E3593E61}
	EndGlobalSection
EndGlobal
